
Microsoft Visual Studio Solution File, Format Version 12.00
# Visual Studio Version 17
VisualStudioVersion = 17.13.35919.96 d17.13
MinimumVisualStudioVersion = 10.0.40219.1
Project("{FAE04EC0-301F-11D3-BF4B-00C04F79EFBC}") = "Round01", "Round01\Round01.csproj", "{F90D0DD0-D8F8-4464-87BC-9BE3E61708CF}"
EndProject
Project("{FAE04EC0-301F-11D3-BF4B-00C04F79EFBC}") = "Round01.Tests", "Round01.Tests\Round01.Tests.csproj", "{4A44EAF9-A0D4-465C-A5CE-51D8D146464B}"
EndProject
Global
	GlobalSection(SolutionConfigurationPlatforms) = preSolution
		Debug|Any CPU = Debug|Any CPU
		Release|Any CPU = Release|Any CPU
	EndGlobalSection
	GlobalSection(ProjectConfigurationPlatforms) = postSolution
		{F90D0DD0-D8F8-4464-87BC-9BE3E61708CF}.Debug|Any CPU.ActiveCfg = Debug|Any CPU
		{F90D0DD0-D8F8-4464-87BC-9BE3E61708CF}.Debug|Any CPU.Build.0 = Debug|Any CPU
		{F90D0DD0-D8F8-4464-87BC-9BE3E61708CF}.Release|Any CPU.ActiveCfg = Release|Any CPU
		{F90D0DD0-D8F8-4464-87BC-9BE3E61708CF}.Release|Any CPU.Build.0 = Release|Any CPU
		{4A44EAF9-A0D4-465C-A5CE-51D8D146464B}.Debug|Any CPU.ActiveCfg = Debug|Any CPU
		{4A44EAF9-A0D4-465C-A5CE-51D8D146464B}.Debug|Any CPU.Build.0 = Debug|Any CPU
		{4A44EAF9-A0D4-465C-A5CE-51D8D146464B}.Release|Any CPU.ActiveCfg = Release|Any CPU
		{4A44EAF9-A0D4-465C-A5CE-51D8D146464B}.Release|Any CPU.Build.0 = Release|Any CPU
	EndGlobalSection
	GlobalSection(SolutionProperties) = preSolution
		HideSolutionNode = FALSE
	EndGlobalSection
	GlobalSection(ExtensibilityGlobals) = postSolution
		SolutionGuid = {A0C2E000-2890-4C8D-947D-403744953F95}
	EndGlobalSection
EndGlobal
